# This file is @generated by PDM.
# It is not intended for manual editing.

[metadata]
groups = ["default"]
strategy = ["cross_platform"]
lock_version = "4.4"
content_hash = "sha256:e9ffa4c07b59bddea2d78331d404b22ee9dd4f4f5b2eb0c78edcb8444e170df4"

[[package]]
name = "polars"
version = "0.19.19"
requires_python = ">=3.8"
summary = "Blazingly fast DataFrame library"
files = [
    {file = "polars-0.19.19-cp38-abi3-macosx_10_12_x86_64.whl", hash = "sha256:812dbb0cc7027fd41ce6b3eaf100b94828fc082fab026409d48792e3e7014095"},
    {file = "polars-0.19.19-cp38-abi3-macosx_11_0_arm64.whl", hash = "sha256:21a334e18c83a259211ca6ec182498f3a89297fde9b8f75021c6881ff4411201"},
    {file = "polars-0.19.19-cp38-abi3-manylinux_2_17_x86_64.manylinux2014_x86_64.whl", hash = "sha256:d383fac392b08a6d5830c99f6e735a48e390c1535c8f1e67707fcaab6863ade5"},
    {file = "polars-0.19.19-cp38-abi3-manylinux_2_24_aarch64.whl", hash = "sha256:eec0e72dce84b85c427bbf395d2e181f33e60677695b95ee2e87fed51043bdea"},
    {file = "polars-0.19.19-cp38-abi3-win_amd64.whl", hash = "sha256:6c9e597efac74f00ef9cdfd9ba8a9128ed24276916bd3d60adc6e604530e4b37"},
    {file = "polars-0.19.19.tar.gz", hash = "sha256:3e904d197aabf36e37fda263470eaf51ec92fb865cdea4f93947713480199303"},
]
